// !$*UTF8*$!
{
	archiveVersion = 1;
	classes = {
	};
	objectVersion = 46;
	objects = {

/* Begin PBXBuildFile section */
		BDE204C67D822B565A05F3D4 /* Pods_BestQuotes.framework in Frameworks */ = {isa = PBXBuildFile; fileRef = 80B997F4A6F861425A45FBE3 /* Pods_BestQuotes.framework */; };
		CE08980520358984000F01BC /* faith.jpg in Resources */ = {isa = PBXBuildFile; fileRef = CE0897FA20358984000F01BC /* faith.jpg */; };
		CE08980620358984000F01BC /* happy.jpg in Resources */ = {isa = PBXBuildFile; fileRef = CE0897FB20358984000F01BC /* happy.jpg */; };
		CE08980720358984000F01BC /* lead.jpg in Resources */ = {isa = PBXBuildFile; fileRef = CE0897FC20358984000F01BC /* lead.jpg */; };
		CE08980C20358984000F01BC /* success.jpg in Resources */ = {isa = PBXBuildFile; fileRef = CE08980120358984000F01BC /* success.jpg */; };
		CE08980F203622EB000F01BC /* myArray.json in Resources */ = {isa = PBXBuildFile; fileRef = CE08980E203622EB000F01BC /* myArray.json */; };
		CE138186203D953700B61B4B /* GoogleService-Info.plist in Resources */ = {isa = PBXBuildFile; fileRef = CE138185203D953700B61B4B /* GoogleService-Info.plist */; };
		CE36D299203C191D00ECE1ED /* adv.jpg in Resources */ = {isa = PBXBuildFile; fileRef = CE36D298203C191D00ECE1ED /* adv.jpg */; };
		CE36D2A5203C445400ECE1ED /* thunder.jpg in Resources */ = {isa = PBXBuildFile; fileRef = CE36D2A4203C445400ECE1ED /* thunder.jpg */; };
		CE36D2A7203C486900ECE1ED /* birr.jpg in Resources */ = {isa = PBXBuildFile; fileRef = CE36D2A6203C486900ECE1ED /* birr.jpg */; };
		CE4CD4231FC03A0500A748CA /* jiret.ttf in Resources */ = {isa = PBXBuildFile; fileRef = CE4CD4211FC02DCA00A748CA /* jiret.ttf */; };
		CE8298981F700B4500BC3C0F /* AppDelegate.swift in Sources */ = {isa = PBXBuildFile; fileRef = CE8298971F700B4500BC3C0F /* AppDelegate.swift */; };
		CE82989A1F700B4500BC3C0F /* ViewController.swift in Sources */ = {isa = PBXBuildFile; fileRef = CE8298991F700B4500BC3C0F /* ViewController.swift */; };
		CE82989D1F700B4500BC3C0F /* Main.storyboard in Resources */ = {isa = PBXBuildFile; fileRef = CE82989B1F700B4500BC3C0F /* Main.storyboard */; };
		CE82989F1F700B4500BC3C0F /* Assets.xcassets in Resources */ = {isa = PBXBuildFile; fileRef = CE82989E1F700B4500BC3C0F /* Assets.xcassets */; };
		CE8298A21F700B4500BC3C0F /* LaunchScreen.storyboard in Resources */ = {isa = PBXBuildFile; fileRef = CE8298A01F700B4500BC3C0F /* LaunchScreen.storyboard */; };
		CE8298AD1F700B4500BC3C0F /* BestQuotesTests.swift in Sources */ = {isa = PBXBuildFile; fileRef = CE8298AC1F700B4500BC3C0F /* BestQuotesTests.swift */; };
		CE8298B81F700E3A00BC3C0F /* MyCollectionViewCell.swift in Sources */ = {isa = PBXBuildFile; fileRef = CE8298B71F700E3A00BC3C0F /* MyCollectionViewCell.swift */; };
		CE8317521FBC3BF00014DF68 /* TransitionAnimation.swift in Sources */ = {isa = PBXBuildFile; fileRef = CE8317511FBC3BEF0014DF68 /* TransitionAnimation.swift */; };
		CEF62B831F729E10001C6BF3 /* detailOne.swift in Sources */ = {isa = PBXBuildFile; fileRef = CEF62B821F729E10001C6BF3 /* detailOne.swift */; };
		E25F68161FFB033400277F48 /* marri.jpg in Resources */ = {isa = PBXBuildFile; fileRef = E25F68151FFB033400277F48 /* marri.jpg */; };
		E27A864922344D8700C387E6 /* mix.jpg in Resources */ = {isa = PBXBuildFile; fileRef = E27A864822344D8700C387E6 /* mix.jpg */; };
		E27A864B22344D8700C387E6 /* lovely.jpg in Resources */ = {isa = PBXBuildFile; fileRef = E27A864A22344D8700C387E6 /* lovely.jpg */; };
		E7C44C0F5F58C0F680E19058 /* Pods_BestQuotesTests.framework in Frameworks */ = {isa = PBXBuildFile; fileRef = 7C393E0218C0B51D653CFAD6 /* Pods_BestQuotesTests.framework */; };
/* End PBXBuildFile section */

/* Begin PBXContainerItemProxy section */
		CE8298A91F700B4500BC3C0F /* PBXContainerItemProxy */ = {
			isa = PBXContainerItemProxy;
			containerPortal = CE82988C1F700B4400BC3C0F /* Project object */;
			proxyType = 1;
			remoteGlobalIDString = CE8298931F700B4400BC3C0F;
			remoteInfo = BestQuotes;
		};
/* End PBXContainerItemProxy section */

/* Begin PBXFileReference section */
		05FE23F6EDEF33E52BCE031D /* Pods-BestQuotes.release.xcconfig */ = {isa = PBXFileReference; includeInIndex = 1; lastKnownFileType = text.xcconfig; name = "Pods-BestQuotes.release.xcconfig"; path = "Target Support Files/Pods-BestQuotes/Pods-BestQuotes.release.xcconfig"; sourceTree = "<group>"; };
		1B6949F289665334AABEE412 /* Pods-BestQuotesTests.debug.xcconfig */ = {isa = PBXFileReference; includeInIndex = 1; lastKnownFileType = text.xcconfig; name = "Pods-BestQuotesTests.debug.xcconfig"; path = "Target Support Files/Pods-BestQuotesTests/Pods-BestQuotesTests.debug.xcconfig"; sourceTree = "<group>"; };
		325F3B9CE594A93CDCD96B5F /* Pods-BestQuotes.debug.xcconfig */ = {isa = PBXFileReference; includeInIndex = 1; lastKnownFileType = text.xcconfig; name = "Pods-BestQuotes.debug.xcconfig"; path = "Target Support Files/Pods-BestQuotes/Pods-BestQuotes.debug.xcconfig"; sourceTree = "<group>"; };
		33043869FCE15581F14EA906 /* Pods-BestQuotesTests.release.xcconfig */ = {isa = PBXFileReference; includeInIndex = 1; lastKnownFileType = text.xcconfig; name = "Pods-BestQuotesTests.release.xcconfig"; path = "Target Support Files/Pods-BestQuotesTests/Pods-BestQuotesTests.release.xcconfig"; sourceTree = "<group>"; };
		7C393E0218C0B51D653CFAD6 /* Pods_BestQuotesTests.framework */ = {isa = PBXFileReference; explicitFileType = wrapper.framework; includeInIndex = 0; path = Pods_BestQuotesTests.framework; sourceTree = BUILT_PRODUCTS_DIR; };
		80B997F4A6F861425A45FBE3 /* Pods_BestQuotes.framework */ = {isa = PBXFileReference; explicitFileType = wrapper.framework; includeInIndex = 0; path = Pods_BestQuotes.framework; sourceTree = BUILT_PRODUCTS_DIR; };
		CE0897FA20358984000F01BC /* faith.jpg */ = {isa = PBXFileReference; lastKnownFileType = image.jpeg; path = faith.jpg; sourceTree = "<group>"; };
		CE0897FB20358984000F01BC /* happy.jpg */ = {isa = PBXFileReference; lastKnownFileType = image.jpeg; path = happy.jpg; sourceTree = "<group>"; };
		CE0897FC20358984000F01BC /* lead.jpg */ = {isa = PBXFileReference; lastKnownFileType = image.jpeg; path = lead.jpg; sourceTree = "<group>"; };
		CE08980120358984000F01BC /* success.jpg */ = {isa = PBXFileReference; lastKnownFileType = image.jpeg; path = success.jpg; sourceTree = "<group>"; };
		CE08980E203622EB000F01BC /* myArray.json */ = {isa = PBXFileReference; fileEncoding = 4; lastKnownFileType = text.json; name = myArray.json; path = BestQuotes/myArray.json; sourceTree = "<group>"; };
		CE138185203D953700B61B4B /* GoogleService-Info.plist */ = {isa = PBXFileReference; fileEncoding = 4; lastKnownFileType = text.plist.xml; path = "GoogleService-Info.plist"; sourceTree = "<group>"; };
		CE36D298203C191D00ECE1ED /* adv.jpg */ = {isa = PBXFileReference; lastKnownFileType = image.jpeg; path = adv.jpg; sourceTree = "<group>"; };
		CE36D2A4203C445400ECE1ED /* thunder.jpg */ = {isa = PBXFileReference; lastKnownFileType = image.jpeg; path = thunder.jpg; sourceTree = "<group>"; };
		CE36D2A6203C486900ECE1ED /* birr.jpg */ = {isa = PBXFileReference; lastKnownFileType = image.jpeg; path = birr.jpg; sourceTree = "<group>"; };
		CE4CD4211FC02DCA00A748CA /* jiret.ttf */ = {isa = PBXFileReference; lastKnownFileType = file; path = jiret.ttf; sourceTree = "<group>"; };
		CE8298941F700B4400BC3C0F /* BestQuotes.app */ = {isa = PBXFileReference; explicitFileType = wrapper.application; includeInIndex = 0; path = BestQuotes.app; sourceTree = BUILT_PRODUCTS_DIR; };
		CE8298971F700B4500BC3C0F /* AppDelegate.swift */ = {isa = PBXFileReference; lastKnownFileType = sourcecode.swift; path = AppDelegate.swift; sourceTree = "<group>"; };
		CE8298991F700B4500BC3C0F /* ViewController.swift */ = {isa = PBXFileReference; lastKnownFileType = sourcecode.swift; path = ViewController.swift; sourceTree = "<group>"; };
		CE82989C1F700B4500BC3C0F /* Base */ = {isa = PBXFileReference; lastKnownFileType = file.storyboard; name = Base; path = Base.lproj/Main.storyboard; sourceTree = "<group>"; };
		CE82989E1F700B4500BC3C0F /* Assets.xcassets */ = {isa = PBXFileReference; lastKnownFileType = folder.assetcatalog; path = Assets.xcassets; sourceTree = "<group>"; };
		CE8298A11F700B4500BC3C0F /* Base */ = {isa = PBXFileReference; lastKnownFileType = file.storyboard; name = Base; path = Base.lproj/LaunchScreen.storyboard; sourceTree = "<group>"; };
		CE8298A31F700B4500BC3C0F /* Info.plist */ = {isa = PBXFileReference; lastKnownFileType = text.plist.xml; path = Info.plist; sourceTree = "<group>"; };
		CE8298A81F700B4500BC3C0F /* BestQuotesTests.xctest */ = {isa = PBXFileReference; explicitFileType = wrapper.cfbundle; includeInIndex = 0; path = BestQuotesTests.xctest; sourceTree = BUILT_PRODUCTS_DIR; };
		CE8298AC1F700B4500BC3C0F /* BestQuotesTests.swift */ = {isa = PBXFileReference; lastKnownFileType = sourcecode.swift; path = BestQuotesTests.swift; sourceTree = "<group>"; };
		CE8298AE1F700B4500BC3C0F /* Info.plist */ = {isa = PBXFileReference; lastKnownFileType = text.plist.xml; path = Info.plist; sourceTree = "<group>"; };
		CE8298B71F700E3A00BC3C0F /* MyCollectionViewCell.swift */ = {isa = PBXFileReference; fileEncoding = 4; lastKnownFileType = sourcecode.swift; path = MyCollectionViewCell.swift; sourceTree = "<group>"; };
		CE8317511FBC3BEF0014DF68 /* TransitionAnimation.swift */ = {isa = PBXFileReference; fileEncoding = 4; lastKnownFileType = sourcecode.swift; path = TransitionAnimation.swift; sourceTree = "<group>"; };
		CEF62B821F729E10001C6BF3 /* detailOne.swift */ = {isa = PBXFileReference; fileEncoding = 4; lastKnownFileType = sourcecode.swift; path = detailOne.swift; sourceTree = "<group>"; };
		E25F68151FFB033400277F48 /* marri.jpg */ = {isa = PBXFileReference; lastKnownFileType = image.jpeg; path = marri.jpg; sourceTree = "<group>"; };
		E27A864822344D8700C387E6 /* mix.jpg */ = {isa = PBXFileReference; lastKnownFileType = image.jpeg; path = mix.jpg; sourceTree = "<group>"; };
		E27A864A22344D8700C387E6 /* lovely.jpg */ = {isa = PBXFileReference; lastKnownFileType = image.jpeg; path = lovely.jpg; sourceTree = "<group>"; };
/* End PBXFileReference section */

/* Begin PBXFrameworksBuildPhase section */
		CE8298911F700B4400BC3C0F /* Frameworks */ = {
			isa = PBXFrameworksBuildPhase;
			buildActionMask = 2147483647;
			files = (
				BDE204C67D822B565A05F3D4 /* Pods_BestQuotes.framework in Frameworks */,
			);
			runOnlyForDeploymentPostprocessing = 0;
		};
		CE8298A51F700B4500BC3C0F /* Frameworks */ = {
			isa = PBXFrameworksBuildPhase;
			buildActionMask = 2147483647;
			files = (
				E7C44C0F5F58C0F680E19058 /* Pods_BestQuotesTests.framework in Frameworks */,
			);
			runOnlyForDeploymentPostprocessing = 0;
		};
/* End PBXFrameworksBuildPhase section */

/* Begin PBXGroup section */
		2536224205E37F95261CE622 /* Pods */ = {
			isa = PBXGroup;
			children = (
				325F3B9CE594A93CDCD96B5F /* Pods-BestQuotes.debug.xcconfig */,
				05FE23F6EDEF33E52BCE031D /* Pods-BestQuotes.release.xcconfig */,
				1B6949F289665334AABEE412 /* Pods-BestQuotesTests.debug.xcconfig */,
				33043869FCE15581F14EA906 /* Pods-BestQuotesTests.release.xcconfig */,
			);
			path = Pods;
			sourceTree = "<group>";
		};
		4124A65BCD5907F943D78A1F /* Frameworks */ = {
			isa = PBXGroup;
			children = (
				80B997F4A6F861425A45FBE3 /* Pods_BestQuotes.framework */,
				7C393E0218C0B51D653CFAD6 /* Pods_BestQuotesTests.framework */,
			);
			name = Frameworks;
			sourceTree = "<group>";
		};
		CE0897F720358446000F01BC /* Background Images */ = {
			isa = PBXGroup;
			children = (
				E27A864A22344D8700C387E6 /* lovely.jpg */,
				E25F68151FFB033400277F48 /* marri.jpg */,
				E27A864822344D8700C387E6 /* mix.jpg */,
				CE36D2A6203C486900ECE1ED /* birr.jpg */,
				CE36D2A4203C445400ECE1ED /* thunder.jpg */,
				CE36D298203C191D00ECE1ED /* adv.jpg */,
				CE0897FA20358984000F01BC /* faith.jpg */,
				CE0897FB20358984000F01BC /* happy.jpg */,
				CE0897FC20358984000F01BC /* lead.jpg */,
				CE08980120358984000F01BC /* success.jpg */,
			);
			name = "Background Images";
			path = ..;
			sourceTree = "<group>";
		};
		CE36D297203AA56600ECE1ED /* Json file */ = {
			isa = PBXGroup;
			children = (
				CE08980E203622EB000F01BC /* myArray.json */,
			);
			name = "Json file";
			sourceTree = "<group>";
		};
		CE3C83AB1FE7ADB50078B327 /* All Swift Codes */ = {
			isa = PBXGroup;
			children = (
				CE8317511FBC3BEF0014DF68 /* TransitionAnimation.swift */,
				CEF62B821F729E10001C6BF3 /* detailOne.swift */,
				CE8298B71F700E3A00BC3C0F /* MyCollectionViewCell.swift */,
				CE8298991F700B4500BC3C0F /* ViewController.swift */,
				CE8298971F700B4500BC3C0F /* AppDelegate.swift */,
			);
			name = "All Swift Codes";
			sourceTree = "<group>";
		};
		CE3C83AC1FE7ADD00078B327 /* Storyboards */ = {
			isa = PBXGroup;
			children = (
				CE82989B1F700B4500BC3C0F /* Main.storyboard */,
				CE8298A01F700B4500BC3C0F /* LaunchScreen.storyboard */,
			);
			name = Storyboards;
			sourceTree = "<group>";
		};
		CE82988B1F700B4400BC3C0F = {
			isa = PBXGroup;
			children = (
				CE36D297203AA56600ECE1ED /* Json file */,
				CE8298961F700B4400BC3C0F /* BestQuotes */,
				CE8298AB1F700B4500BC3C0F /* BestQuotesTests */,
				CE8298951F700B4400BC3C0F /* Products */,
				2536224205E37F95261CE622 /* Pods */,
				4124A65BCD5907F943D78A1F /* Frameworks */,
			);
			sourceTree = "<group>";
		};
		CE8298951F700B4400BC3C0F /* Products */ = {
			isa = PBXGroup;
			children = (
				CE8298941F700B4400BC3C0F /* BestQuotes.app */,
				CE8298A81F700B4500BC3C0F /* BestQuotesTests.xctest */,
			);
			name = Products;
			sourceTree = "<group>";
		};
		CE8298961F700B4400BC3C0F /* BestQuotes */ = {
			isa = PBXGroup;
			children = (
				CE0897F720358446000F01BC /* Background Images */,
				CE3C83AC1FE7ADD00078B327 /* Storyboards */,
				CE3C83AB1FE7ADB50078B327 /* All Swift Codes */,
				CE82989E1F700B4500BC3C0F /* Assets.xcassets */,
				CE8298A31F700B4500BC3C0F /* Info.plist */,
				CE138185203D953700B61B4B /* GoogleService-Info.plist */,
				CE4CD4211FC02DCA00A748CA /* jiret.ttf */,
			);
			path = BestQuotes;
			sourceTree = "<group>";
		};
		CE8298AB1F700B4500BC3C0F /* BestQuotesTests */ = {
			isa = PBXGroup;
			children = (
				CE8298AC1F700B4500BC3C0F /* BestQuotesTests.swift */,
				CE8298AE1F700B4500BC3C0F /* Info.plist */,
			);
			path = BestQuotesTests;
			sourceTree = "<group>";
		};
/* End PBXGroup section */

/* Begin PBXNativeTarget section */
		CE8298931F700B4400BC3C0F /* BestQuotes */ = {
			isa = PBXNativeTarget;
			buildConfigurationList = CE8298B11F700B4500BC3C0F /* Build configuration list for PBXNativeTarget "BestQuotes" */;
			buildPhases = (
				D114C199A20BA450163D5AC3 /* [CP] Check Pods Manifest.lock */,
				CE8298901F700B4400BC3C0F /* Sources */,
				CE8298911F700B4400BC3C0F /* Frameworks */,
				CE8298921F700B4400BC3C0F /* Resources */,
				D13B9AD51E231E81911437BD /* [CP] Embed Pods Frameworks */,
			);
			buildRules = (
			);
			dependencies = (
			);
			name = BestQuotes;
			productName = BestQuotes;
			productReference = CE8298941F700B4400BC3C0F /* BestQuotes.app */;
			productType = "com.apple.product-type.application";
		};
		CE8298A71F700B4500BC3C0F /* BestQuotesTests */ = {
			isa = PBXNativeTarget;
			buildConfigurationList = CE8298B41F700B4500BC3C0F /* Build configuration list for PBXNativeTarget "BestQuotesTests" */;
			buildPhases = (
				B9AE718517A8FD06F505F349 /* [CP] Check Pods Manifest.lock */,
				CE8298A41F700B4500BC3C0F /* Sources */,
				CE8298A51F700B4500BC3C0F /* Frameworks */,
				CE8298A61F700B4500BC3C0F /* Resources */,
			);
			buildRules = (
			);
			dependencies = (
				CE8298AA1F700B4500BC3C0F /* PBXTargetDependency */,
			);
			name = BestQuotesTests;
			productName = BestQuotesTests;
			productReference = CE8298A81F700B4500BC3C0F /* BestQuotesTests.xctest */;
			productType = "com.apple.product-type.bundle.unit-test";
		};
/* End PBXNativeTarget section */

/* Begin PBXProject section */
		CE82988C1F700B4400BC3C0F /* Project object */ = {
			isa = PBXProject;
			attributes = {
				LastSwiftUpdateCheck = 0820;
				LastUpgradeCheck = 1010;
				ORGANIZATIONNAME = Hailemichael;
				TargetAttributes = {
					CE8298931F700B4400BC3C0F = {
						CreatedOnToolsVersion = 8.2.1;
						DevelopmentTeam = 6WP3YL298B;
						LastSwiftMigration = 1010;
						ProvisioningStyle = Automatic;
					};
					CE8298A71F700B4500BC3C0F = {
						CreatedOnToolsVersion = 8.2.1;
						DevelopmentTeam = 6WP3YL298B;
						LastSwiftMigration = 1010;
						ProvisioningStyle = Automatic;
						TestTargetID = CE8298931F700B4400BC3C0F;
					};
				};
			};
			buildConfigurationList = CE82988F1F700B4400BC3C0F /* Build configuration list for PBXProject "BestQuotes" */;
			compatibilityVersion = "Xcode 3.2";
			developmentRegion = English;
			hasScannedForEncodings = 0;
			knownRegions = (
				en,
				Base,
			);
			mainGroup = CE82988B1F700B4400BC3C0F;
			productRefGroup = CE8298951F700B4400BC3C0F /* Products */;
			projectDirPath = "";
			projectRoot = "";
			targets = (
				CE8298931F700B4400BC3C0F /* BestQuotes */,
				CE8298A71F700B4500BC3C0F /* BestQuotesTests */,
			);
		};
/* End PBXProject section */

/* Begin PBXResourcesBuildPhase section */
		CE8298921F700B4400BC3C0F /* Resources */ = {
			isa = PBXResourcesBuildPhase;
			buildActionMask = 2147483647;
			files = (
				E27A864922344D8700C387E6 /* mix.jpg in Resources */,
				CE36D299203C191D00ECE1ED /* adv.jpg in Resources */,
				CE36D2A7203C486900ECE1ED /* birr.jpg in Resources */,
				CE08980C20358984000F01BC /* success.jpg in Resources */,
				E27A864B22344D8700C387E6 /* lovely.jpg in Resources */,
				CE4CD4231FC03A0500A748CA /* jiret.ttf in Resources */,
				CE08980620358984000F01BC /* happy.jpg in Resources */,
				E25F68161FFB033400277F48 /* marri.jpg in Resources */,
				CE8298A21F700B4500BC3C0F /* LaunchScreen.storyboard in Resources */,
				CE08980720358984000F01BC /* lead.jpg in Resources */,
				CE82989F1F700B4500BC3C0F /* Assets.xcassets in Resources */,
				CE36D2A5203C445400ECE1ED /* thunder.jpg in Resources */,
				CE08980F203622EB000F01BC /* myArray.json in Resources */,
				CE08980520358984000F01BC /* faith.jpg in Resources */,
				CE82989D1F700B4500BC3C0F /* Main.storyboard in Resources */,
				CE138186203D953700B61B4B /* GoogleService-Info.plist in Resources */,
			);
			runOnlyForDeploymentPostprocessing = 0;
		};
		CE8298A61F700B4500BC3C0F /* Resources */ = {
			isa = PBXResourcesBuildPhase;
			buildActionMask = 2147483647;
			files = (
			);
			runOnlyForDeploymentPostprocessing = 0;
		};
/* End PBXResourcesBuildPhase section */

/* Begin PBXShellScriptBuildPhase section */
		B9AE718517A8FD06F505F349 /* [CP] Check Pods Manifest.lock */ = {
			isa = PBXShellScriptBuildPhase;
			buildActionMask = 2147483647;
			files = (
			);
			inputPaths = (
				"${PODS_PODFILE_DIR_PATH}/Podfile.lock",
				"${PODS_ROOT}/Manifest.lock",
			);
			name = "[CP] Check Pods Manifest.lock";
			outputPaths = (
				"$(DERIVED_FILE_DIR)/Pods-BestQuotesTests-checkManifestLockResult.txt",
			);
			runOnlyForDeploymentPostprocessing = 0;
			shellPath = /bin/sh;
			shellScript = "diff \"${PODS_PODFILE_DIR_PATH}/Podfile.lock\" \"${PODS_ROOT}/Manifest.lock\" > /dev/null\nif [ $? != 0 ] ; then\n    # print error to STDERR\n    echo \"error: The sandbox is not in sync with the Podfile.lock. Run 'pod install' or update your CocoaPods installation.\" >&2\n    exit 1\nfi\n# This output is used by Xcode 'outputs' to avoid re-running this script phase.\necho \"SUCCESS\" > \"${SCRIPT_OUTPUT_FILE_0}\"\n";
			showEnvVarsInLog = 0;
		};
		D114C199A20BA450163D5AC3 /* [CP] Check Pods Manifest.lock */ = {
			isa = PBXShellScriptBuildPhase;
			buildActionMask = 2147483647;
			files = (
			);
			inputPaths = (
				"${PODS_PODFILE_DIR_PATH}/Podfile.lock",
				"${PODS_ROOT}/Manifest.lock",
			);
			name = "[CP] Check Pods Manifest.lock";
			outputPaths = (
				"$(DERIVED_FILE_DIR)/Pods-BestQuotes-checkManifestLockResult.txt",
			);
			runOnlyForDeploymentPostprocessing = 0;
			shellPath = /bin/sh;
			shellScript = "diff \"${PODS_PODFILE_DIR_PATH}/Podfile.lock\" \"${PODS_ROOT}/Manifest.lock\" > /dev/null\nif [ $? != 0 ] ; then\n    # print error to STDERR\n    echo \"error: The sandbox is not in sync with the Podfile.lock. Run 'pod install' or update your CocoaPods installation.\" >&2\n    exit 1\nfi\n# This output is used by Xcode 'outputs' to avoid re-running this script phase.\necho \"SUCCESS\" > \"${SCRIPT_OUTPUT_FILE_0}\"\n";
			showEnvVarsInLog = 0;
		};
		D13B9AD51E231E81911437BD /* [CP] Embed Pods Frameworks */ = {
			isa = PBXShellScriptBuildPhase;
			buildActionMask = 2147483647;
			files = (
			);
			inputFileListPaths = (
			);
			inputPaths = (
				"${PODS_ROOT}/Target Support Files/Pods-BestQuotes/Pods-BestQuotes-frameworks.sh",
				"${BUILT_PRODUCTS_DIR}/GoogleUtilities/GoogleUtilities.framework",
				"${BUILT_PRODUCTS_DIR}/Protobuf/Protobuf.framework",
				"${BUILT_PRODUCTS_DIR}/nanopb/nanopb.framework",
			);
			name = "[CP] Embed Pods Frameworks";
			outputFileListPaths = (
			);
			outputPaths = (
				"${TARGET_BUILD_DIR}/${FRAMEWORKS_FOLDER_PATH}/GoogleUtilities.framework",
				"${TARGET_BUILD_DIR}/${FRAMEWORKS_FOLDER_PATH}/Protobuf.framework",
				"${TARGET_BUILD_DIR}/${FRAMEWORKS_FOLDER_PATH}/nanopb.framework",
			);
			runOnlyForDeploymentPostprocessing = 0;
			shellPath = /bin/sh;
			shellScript = "\"${PODS_ROOT}/Target Support Files/Pods-BestQuotes/Pods-BestQuotes-frameworks.sh\"\n";
			showEnvVarsInLog = 0;
		};
/* End PBXShellScriptBuildPhase section */

/* Begin PBXSourcesBuildPhase section */
		CE8298901F700B4400BC3C0F /* Sources */ = {
			isa = PBXSourcesBuildPhase;
			buildActionMask = 2147483647;
			files = (
				CE8317521FBC3BF00014DF68 /* TransitionAnimation.swift in Sources */,
				CE82989A1F700B4500BC3C0F /* ViewController.swift in Sources */,
				CE8298981F700B4500BC3C0F /* AppDelegate.swift in Sources */,
				CE8298B81F700E3A00BC3C0F /* MyCollectionViewCell.swift in Sources */,
				CEF62B831F729E10001C6BF3 /* detailOne.swift in Sources */,
			);
			runOnlyForDeploymentPostprocessing = 0;
		};
		CE8298A41F700B4500BC3C0F /* Sources */ = {
			isa = PBXSourcesBuildPhase;
			buildActionMask = 2147483647;
			files = (
				CE8298AD1F700B4500BC3C0F /* BestQuotesTests.swift in Sources */,
			);
			runOnlyForDeploymentPostprocessing = 0;
		};
/* End PBXSourcesBuildPhase section */

/* Begin PBXTargetDependency section */
		CE8298AA1F700B4500BC3C0F /* PBXTargetDependency */ = {
			isa = PBXTargetDependency;
			target = CE8298931F700B4400BC3C0F /* BestQuotes */;
			targetProxy = CE8298A91F700B4500BC3C0F /* PBXContainerItemProxy */;
		};
/* End PBXTargetDependency section */

/* Begin PBXVariantGroup section */
		CE82989B1F700B4500BC3C0F /* Main.storyboard */ = {
			isa = PBXVariantGroup;
			children = (
				CE82989C1F700B4500BC3C0F /* Base */,
			);
			name = Main.storyboard;
			sourceTree = "<group>";
		};
		CE8298A01F700B4500BC3C0F /* LaunchScreen.storyboard */ = {
			isa = PBXVariantGroup;
			children = (
				CE8298A11F700B4500BC3C0F /* Base */,
			);
			name = LaunchScreen.storyboard;
			sourceTree = "<group>";
		};
/* End PBXVariantGroup section */

/* Begin XCBuildConfiguration section */
		CE8298AF1F700B4500BC3C0F /* Debug */ = {
			isa = XCBuildConfiguration;
			buildSettings = {
				ALWAYS_SEARCH_USER_PATHS = NO;
				CLANG_ANALYZER_NONNULL = YES;
				CLANG_CXX_LANGUAGE_STANDARD = "gnu++0x";
				CLANG_CXX_LIBRARY = "libc++";
				CLANG_ENABLE_MODULES = YES;
				CLANG_ENABLE_OBJC_ARC = YES;
				CLANG_WARN_BLOCK_CAPTURE_AUTORELEASING = YES;
				CLANG_WARN_BOOL_CONVERSION = YES;
				CLANG_WARN_COMMA = YES;
				CLANG_WARN_CONSTANT_CONVERSION = YES;
				CLANG_WARN_DEPRECATED_OBJC_IMPLEMENTATIONS = YES;
				CLANG_WARN_DIRECT_OBJC_ISA_USAGE = YES_ERROR;
				CLANG_WARN_DOCUMENTATION_COMMENTS = YES;
				CLANG_WARN_EMPTY_BODY = YES;
				CLANG_WARN_ENUM_CONVERSION = YES;
				CLANG_WARN_INFINITE_RECURSION = YES;
				CLANG_WARN_INT_CONVERSION = YES;
				CLANG_WARN_NON_LITERAL_NULL_CONVERSION = YES;
				CLANG_WARN_OBJC_IMPLICIT_RETAIN_SELF = YES;
				CLANG_WARN_OBJC_LITERAL_CONVERSION = YES;
				CLANG_WARN_OBJC_ROOT_CLASS = YES_ERROR;
				CLANG_WARN_RANGE_LOOP_ANALYSIS = YES;
				CLANG_WARN_STRICT_PROTOTYPES = YES;
				CLANG_WARN_SUSPICIOUS_MOVE = YES;
				CLANG_WARN_UNREACHABLE_CODE = YES;
				CLANG_WARN__DUPLICATE_METHOD_MATCH = YES;
				"CODE_SIGN_IDENTITY[sdk=iphoneos*]" = "iPhone Developer";
				COPY_PHASE_STRIP = NO;
				DEBUG_INFORMATION_FORMAT = dwarf;
				ENABLE_STRICT_OBJC_MSGSEND = YES;
				ENABLE_TESTABILITY = YES;
				GCC_C_LANGUAGE_STANDARD = gnu99;
				GCC_DYNAMIC_NO_PIC = NO;
				GCC_NO_COMMON_BLOCKS = YES;
				GCC_OPTIMIZATION_LEVEL = 0;
				GCC_PREPROCESSOR_DEFINITIONS = (
					"DEBUG=1",
					"$(inherited)",
				);
				GCC_WARN_64_TO_32_BIT_CONVERSION = YES;
				GCC_WARN_ABOUT_RETURN_TYPE = YES_ERROR;
				GCC_WARN_UNDECLARED_SELECTOR = YES;
				GCC_WARN_UNINITIALIZED_AUTOS = YES_AGGRESSIVE;
				GCC_WARN_UNUSED_FUNCTION = YES;
				GCC_WARN_UNUSED_VARIABLE = YES;
				IPHONEOS_DEPLOYMENT_TARGET = 10.2;
				MTL_ENABLE_DEBUG_INFO = YES;
				ONLY_ACTIVE_ARCH = YES;
				SDKROOT = iphoneos;
				SWIFT_ACTIVE_COMPILATION_CONDITIONS = DEBUG;
				SWIFT_OPTIMIZATION_LEVEL = "-Onone";
				TARGETED_DEVICE_FAMILY = "1,2";
			};
			name = Debug;
		};
		CE8298B01F700B4500BC3C0F /* Release */ = {
			isa = XCBuildConfiguration;
			buildSettings = {
				ALWAYS_SEARCH_USER_PATHS = NO;
				CLANG_ANALYZER_NONNULL = YES;
				CLANG_CXX_LANGUAGE_STANDARD = "gnu++0x";
				CLANG_CXX_LIBRARY = "libc++";
				CLANG_ENABLE_MODULES = YES;
				CLANG_ENABLE_OBJC_ARC = YES;
				CLANG_WARN_BLOCK_CAPTURE_AUTORELEASING = YES;
				CLANG_WARN_BOOL_CONVERSION = YES;
				CLANG_WARN_COMMA = YES;
				CLANG_WARN_CONSTANT_CONVERSION = YES;
				CLANG_WARN_DEPRECATED_OBJC_IMPLEMENTATIONS = YES;
				CLANG_WARN_DIRECT_OBJC_ISA_USAGE = YES_ERROR;
				CLANG_WARN_DOCUMENTATION_COMMENTS = YES;
				CLANG_WARN_EMPTY_BODY = YES;
				CLANG_WARN_ENUM_CONVERSION = YES;
				CLANG_WARN_INFINITE_RECURSION = YES;
				CLANG_WARN_INT_CONVERSION = YES;
				CLANG_WARN_NON_LITERAL_NULL_CONVERSION = YES;
				CLANG_WARN_OBJC_IMPLICIT_RETAIN_SELF = YES;
				CLANG_WARN_OBJC_LITERAL_CONVERSION = YES;
				CLANG_WARN_OBJC_ROOT_CLASS = YES_ERROR;
				CLANG_WARN_RANGE_LOOP_ANALYSIS = YES;
				CLANG_WARN_STRICT_PROTOTYPES = YES;
				CLANG_WARN_SUSPICIOUS_MOVE = YES;
				CLANG_WARN_UNREACHABLE_CODE = YES;
				CLANG_WARN__DUPLICATE_METHOD_MATCH = YES;
				"CODE_SIGN_IDENTITY[sdk=iphoneos*]" = "iPhone Developer";
				COPY_PHASE_STRIP = NO;
				DEBUG_INFORMATION_FORMAT = "dwarf-with-dsym";
				ENABLE_NS_ASSERTIONS = NO;
				ENABLE_STRICT_OBJC_MSGSEND = YES;
				GCC_C_LANGUAGE_STANDARD = gnu99;
				GCC_NO_COMMON_BLOCKS = YES;
				GCC_WARN_64_TO_32_BIT_CONVERSION = YES;
				GCC_WARN_ABOUT_RETURN_TYPE = YES_ERROR;
				GCC_WARN_UNDECLARED_SELECTOR = YES;
				GCC_WARN_UNINITIALIZED_AUTOS = YES_AGGRESSIVE;
				GCC_WARN_UNUSED_FUNCTION = YES;
				GCC_WARN_UNUSED_VARIABLE = YES;
				IPHONEOS_DEPLOYMENT_TARGET = 10.2;
				MTL_ENABLE_DEBUG_INFO = NO;
				SDKROOT = iphoneos;
				SWIFT_OPTIMIZATION_LEVEL = "-Owholemodule";
				TARGETED_DEVICE_FAMILY = "1,2";
				VALIDATE_PRODUCT = YES;
			};
			name = Release;
		};
		CE8298B21F700B4500BC3C0F /* Debug */ = {
			isa = XCBuildConfiguration;
			baseConfigurationReference = 325F3B9CE594A93CDCD96B5F /* Pods-BestQuotes.debug.xcconfig */;
			buildSettings = {
				ASSETCATALOG_COMPILER_APPICON_NAME = AppIcon;
				DEVELOPMENT_TEAM = 6WP3YL298B;
				INFOPLIST_FILE = BestQuotes/Info.plist;
				LD_RUNPATH_SEARCH_PATHS = "$(inherited) @executable_path/Frameworks";
				PRODUCT_BUNDLE_IDENTIFIER = com.Hailemichael.BestQuotes;
				PRODUCT_NAME = "$(TARGET_NAME)";
				SWIFT_SWIFT3_OBJC_INFERENCE = Default;
				SWIFT_VERSION = 4.2;
			};
			name = Debug;
		};
		CE8298B31F700B4500BC3C0F /* Release */ = {
			isa = XCBuildConfiguration;
			baseConfigurationReference = 05FE23F6EDEF33E52BCE031D /* Pods-BestQuotes.release.xcconfig */;
			buildSettings = {
				ASSETCATALOG_COMPILER_APPICON_NAME = AppIcon;
				DEVELOPMENT_TEAM = 6WP3YL298B;
				INFOPLIST_FILE = BestQuotes/Info.plist;
				LD_RUNPATH_SEARCH_PATHS = "$(inherited) @executable_path/Frameworks";
				PRODUCT_BUNDLE_IDENTIFIER = com.Hailemichael.BestQuotes;
				PRODUCT_NAME = "$(TARGET_NAME)";
				SWIFT_SWIFT3_OBJC_INFERENCE = Default;
				SWIFT_VERSION = 4.2;
			};
			name = Release;
		};
		CE8298B51F700B4500BC3C0F /* Debug */ = {
			isa = XCBuildConfiguration;
			baseConfigurationReference = 1B6949F289665334AABEE412 /* Pods-BestQuotesTests.debug.xcconfig */;
			buildSettings = {
				ALWAYS_EMBED_SWIFT_STANDARD_LIBRARIES = YES;
				BUNDLE_LOADER = "$(TEST_HOST)";
				DEVELOPMENT_TEAM = 6WP3YL298B;
				INFOPLIST_FILE = BestQuotesTests/Info.plist;
				LD_RUNPATH_SEARCH_PATHS = "$(inherited) @executable_path/Frameworks @loader_path/Frameworks";
				PRODUCT_BUNDLE_IDENTIFIER = com.Hailemichael.BestQuotesTests;
				PRODUCT_NAME = "$(TARGET_NAME)";
				SWIFT_SWIFT3_OBJC_INFERENCE = On;
				SWIFT_VERSION = 4.2;
				TEST_HOST = "$(BUILT_PRODUCTS_DIR)/BestQuotes.app/BestQuotes";
			};
			name = Debug;
		};
		CE8298B61F700B4500BC3C0F /* Release */ = {
			isa = XCBuildConfiguration;
			baseConfigurationReference = 33043869FCE15581F14EA906 /* Pods-BestQuotesTests.release.xcconfig */;
			buildSettings = {
				ALWAYS_EMBED_SWIFT_STANDARD_LIBRARIES = YES;
				BUNDLE_LOADER = "$(TEST_HOST)";
				DEVELOPMENT_TEAM = 6WP3YL298B;
				INFOPLIST_FILE = BestQuotesTests/Info.plist;
				LD_RUNPATH_SEARCH_PATHS = "$(inherited) @executable_path/Frameworks @loader_path/Frameworks";
				PRODUCT_BUNDLE_IDENTIFIER = com.Hailemichael.BestQuotesTests;
				PRODUCT_NAME = "$(TARGET_NAME)";
				SWIFT_SWIFT3_OBJC_INFERENCE = On;
				SWIFT_VERSION = 4.2;
				TEST_HOST = "$(BUILT_PRODUCTS_DIR)/BestQuotes.app/BestQuotes";
			};
			name = Release;
		};
/* End XCBuildConfiguration section */

/* Begin XCConfigurationList section */
		CE82988F1F700B4400BC3C0F /* Build configuration list for PBXProject "BestQuotes" */ = {
			isa = XCConfigurationList;
			buildConfigurations = (
				CE8298AF1F700B4500BC3C0F /* Debug */,
				CE8298B01F700B4500BC3C0F /* Release */,
			);
			defaultConfigurationIsVisible = 0;
			defaultConfigurationName = Release;
		};
		CE8298B11F700B4500BC3C0F /* Build configuration list for PBXNativeTarget "BestQuotes" */ = {
			isa = XCConfigurationList;
			buildConfigurations = (
				CE8298B21F700B4500BC3C0F /* Debug */,
				CE8298B31F700B4500BC3C0F /* Release */,
			);
			defaultConfigurationIsVisible = 0;
			defaultConfigurationName = Release;
		};
		CE8298B41F700B4500BC3C0F /* Build configuration list for PBXNativeTarget "BestQuotesTests" */ = {
			isa = XCConfigurationList;
			buildConfigurations = (
				CE8298B51F700B4500BC3C0F /* Debug */,
				CE8298B61F700B4500BC3C0F /* Release */,
			);
			defaultConfigurationIsVisible = 0;
			defaultConfigurationName = Release;
		};
/* End XCConfigurationList section */
	};
	rootObject = CE82988C1F700B4400BC3C0F /* Project object */;
}
